
Microsoft Visual Studio Solution File, Format Version 12.00
# Visual Studio Version 17
VisualStudioVersion = 17.8.34330.188
MinimumVisualStudioVersion = 10.0.40219.1
Project("{FAE04EC0-301F-11D3-BF4B-00C04F79EFBC}") = "ProjetoAPI", "ProjetoAPI\ProjetoAPI.csproj", "{02EBD972-199F-44CC-8AF8-CAEACC0A28A5}"
EndProject
Project("{FAE04EC0-301F-11D3-BF4B-00C04F79EFBC}") = "Infraestrutura", "Infraestrutura\Infraestrutura.csproj", "{51B53965-1110-4D23-B13D-64107F7260BE}"
EndProject
Project("{FAE04EC0-301F-11D3-BF4B-00C04F79EFBC}") = "Service", "Service\Service.csproj", "{9208033C-6EC3-47ED-B97B-AD6BE3319AE7}"
EndProject
Project("{FAE04EC0-301F-11D3-BF4B-00C04F79EFBC}") = "Interface", "Interface\Interface.csproj", "{7E239D01-BEC4-476C-977D-43E39A4A1125}"
EndProject
Project("{FAE04EC0-301F-11D3-BF4B-00C04F79EFBC}") = "Dominio", "Dominio\Dominio.csproj", "{A28672E8-10AE-423F-AEDA-0D31254A5DFF}"
EndProject
Global
	GlobalSection(SolutionConfigurationPlatforms) = preSolution
		Debug|Any CPU = Debug|Any CPU
		Release|Any CPU = Release|Any CPU
	EndGlobalSection
	GlobalSection(ProjectConfigurationPlatforms) = postSolution
		{02EBD972-199F-44CC-8AF8-CAEACC0A28A5}.Debug|Any CPU.ActiveCfg = Debug|Any CPU
		{02EBD972-199F-44CC-8AF8-CAEACC0A28A5}.Debug|Any CPU.Build.0 = Debug|Any CPU
		{02EBD972-199F-44CC-8AF8-CAEACC0A28A5}.Release|Any CPU.ActiveCfg = Release|Any CPU
		{02EBD972-199F-44CC-8AF8-CAEACC0A28A5}.Release|Any CPU.Build.0 = Release|Any CPU
		{51B53965-1110-4D23-B13D-64107F7260BE}.Debug|Any CPU.ActiveCfg = Debug|Any CPU
		{51B53965-1110-4D23-B13D-64107F7260BE}.Debug|Any CPU.Build.0 = Debug|Any CPU
		{51B53965-1110-4D23-B13D-64107F7260BE}.Release|Any CPU.ActiveCfg = Release|Any CPU
		{51B53965-1110-4D23-B13D-64107F7260BE}.Release|Any CPU.Build.0 = Release|Any CPU
		{9208033C-6EC3-47ED-B97B-AD6BE3319AE7}.Debug|Any CPU.ActiveCfg = Debug|Any CPU
		{9208033C-6EC3-47ED-B97B-AD6BE3319AE7}.Debug|Any CPU.Build.0 = Debug|Any CPU
		{9208033C-6EC3-47ED-B97B-AD6BE3319AE7}.Release|Any CPU.ActiveCfg = Release|Any CPU
		{9208033C-6EC3-47ED-B97B-AD6BE3319AE7}.Release|Any CPU.Build.0 = Release|Any CPU
		{7E239D01-BEC4-476C-977D-43E39A4A1125}.Debug|Any CPU.ActiveCfg = Debug|Any CPU
		{7E239D01-BEC4-476C-977D-43E39A4A1125}.Debug|Any CPU.Build.0 = Debug|Any CPU
		{7E239D01-BEC4-476C-977D-43E39A4A1125}.Release|Any CPU.ActiveCfg = Release|Any CPU
		{7E239D01-BEC4-476C-977D-43E39A4A1125}.Release|Any CPU.Build.0 = Release|Any CPU
		{A28672E8-10AE-423F-AEDA-0D31254A5DFF}.Debug|Any CPU.ActiveCfg = Debug|Any CPU
		{A28672E8-10AE-423F-AEDA-0D31254A5DFF}.Debug|Any CPU.Build.0 = Debug|Any CPU
		{A28672E8-10AE-423F-AEDA-0D31254A5DFF}.Release|Any CPU.ActiveCfg = Release|Any CPU
		{A28672E8-10AE-423F-AEDA-0D31254A5DFF}.Release|Any CPU.Build.0 = Release|Any CPU
	EndGlobalSection
	GlobalSection(SolutionProperties) = preSolution
		HideSolutionNode = FALSE
	EndGlobalSection
	GlobalSection(ExtensibilityGlobals) = postSolution
		SolutionGuid = {97E64BF2-5E23-41AA-99DD-C522293632F4}
	EndGlobalSection
EndGlobal
